
Microsoft Visual Studio Solution File, Format Version 12.00
# Visual Studio Version 17
VisualStudioVersion = 17.5.002.0
MinimumVisualStudioVersion = 10.0.40219.1
Project("{9A19103F-16F7-4668-BE54-9A1E7A4F7556}") = "Searching Algorithms", "Searching Algorithms.csproj", "{96BAFCE2-FEE7-433F-AE5A-6FA358095636}"
EndProject
Global
	GlobalSection(SolutionConfigurationPlatforms) = preSolution
		Debug|Any CPU = Debug|Any CPU
		Release|Any CPU = Release|Any CPU
	EndGlobalSection
	GlobalSection(ProjectConfigurationPlatforms) = postSolution
		{96BAFCE2-FEE7-433F-AE5A-6FA358095636}.Debug|Any CPU.ActiveCfg = Debug|Any CPU
		{96BAFCE2-FEE7-433F-AE5A-6FA358095636}.Debug|Any CPU.Build.0 = Debug|Any CPU
		{96BAFCE2-FEE7-433F-AE5A-6FA358095636}.Release|Any CPU.ActiveCfg = Release|Any CPU
		{96BAFCE2-FEE7-433F-AE5A-6FA358095636}.Release|Any CPU.Build.0 = Release|Any CPU
	EndGlobalSection
	GlobalSection(SolutionProperties) = preSolution
		HideSolutionNode = FALSE
	EndGlobalSection
	GlobalSection(ExtensibilityGlobals) = postSolution
		SolutionGuid = {B6675667-C6E9-4F98-B5DA-742C54919368}
	EndGlobalSection
EndGlobal
